
Microsoft Visual Studio Solution File, Format Version 12.00
# Visual Studio 2012
Project("{FAE04EC0-301F-11D3-BF4B-00C04F79EFBC}") = "SCM", "SCM\SCM.csproj", "{CEB23EB2-CC8F-4173-A3AF-3197F1E140C0}"
EndProject
Project("{FAE04EC0-301F-11D3-BF4B-00C04F79EFBC}") = "SCM.Droid", "Droid\SCM.Droid.csproj", "{24E09FF2-9042-4C7F-AE3F-AC46DC0BD9FF}"
EndProject
Project("{FAE04EC0-301F-11D3-BF4B-00C04F79EFBC}") = "SCM.iOS", "iOS\SCM.iOS.csproj", "{104115A6-E1B4-4CF3-AF58-0E3FE07D480A}"
EndProject
Project("{FAE04EC0-301F-11D3-BF4B-00C04F79EFBC}") = "SCMRepartidor", "SCMRepartidor\SCMRepartidor.csproj", "{050DE24D-36EF-46FB-8D57-F78EB308C3BA}"
EndProject
Global
	GlobalSection(SolutionConfigurationPlatforms) = preSolution
		Debug|Any CPU = Debug|Any CPU
		Release|Any CPU = Release|Any CPU
		Debug|iPhoneSimulator = Debug|iPhoneSimulator
		Release|iPhone = Release|iPhone
		Release|iPhoneSimulator = Release|iPhoneSimulator
		Debug|iPhone = Debug|iPhone
	EndGlobalSection
	GlobalSection(ProjectConfigurationPlatforms) = postSolution
		{CEB23EB2-CC8F-4173-A3AF-3197F1E140C0}.Debug|Any CPU.ActiveCfg = Debug|Any CPU
		{CEB23EB2-CC8F-4173-A3AF-3197F1E140C0}.Debug|Any CPU.Build.0 = Debug|Any CPU
		{CEB23EB2-CC8F-4173-A3AF-3197F1E140C0}.Release|Any CPU.ActiveCfg = Release|Any CPU
		{CEB23EB2-CC8F-4173-A3AF-3197F1E140C0}.Release|Any CPU.Build.0 = Release|Any CPU
		{CEB23EB2-CC8F-4173-A3AF-3197F1E140C0}.Debug|iPhoneSimulator.ActiveCfg = Debug|Any CPU
		{CEB23EB2-CC8F-4173-A3AF-3197F1E140C0}.Debug|iPhoneSimulator.Build.0 = Debug|Any CPU
		{CEB23EB2-CC8F-4173-A3AF-3197F1E140C0}.Release|iPhone.ActiveCfg = Release|Any CPU
		{CEB23EB2-CC8F-4173-A3AF-3197F1E140C0}.Release|iPhone.Build.0 = Release|Any CPU
		{CEB23EB2-CC8F-4173-A3AF-3197F1E140C0}.Release|iPhoneSimulator.ActiveCfg = Release|Any CPU
		{CEB23EB2-CC8F-4173-A3AF-3197F1E140C0}.Release|iPhoneSimulator.Build.0 = Release|Any CPU
		{CEB23EB2-CC8F-4173-A3AF-3197F1E140C0}.Debug|iPhone.ActiveCfg = Debug|Any CPU
		{CEB23EB2-CC8F-4173-A3AF-3197F1E140C0}.Debug|iPhone.Build.0 = Debug|Any CPU
		{24E09FF2-9042-4C7F-AE3F-AC46DC0BD9FF}.Debug|Any CPU.ActiveCfg = Debug|Any CPU
		{24E09FF2-9042-4C7F-AE3F-AC46DC0BD9FF}.Debug|Any CPU.Build.0 = Debug|Any CPU
		{24E09FF2-9042-4C7F-AE3F-AC46DC0BD9FF}.Release|Any CPU.ActiveCfg = Release|Any CPU
		{24E09FF2-9042-4C7F-AE3F-AC46DC0BD9FF}.Release|Any CPU.Build.0 = Release|Any CPU
		{24E09FF2-9042-4C7F-AE3F-AC46DC0BD9FF}.Debug|iPhoneSimulator.ActiveCfg = Debug|Any CPU
		{24E09FF2-9042-4C7F-AE3F-AC46DC0BD9FF}.Debug|iPhoneSimulator.Build.0 = Debug|Any CPU
		{24E09FF2-9042-4C7F-AE3F-AC46DC0BD9FF}.Release|iPhone.ActiveCfg = Release|Any CPU
		{24E09FF2-9042-4C7F-AE3F-AC46DC0BD9FF}.Release|iPhone.Build.0 = Release|Any CPU
		{24E09FF2-9042-4C7F-AE3F-AC46DC0BD9FF}.Release|iPhoneSimulator.ActiveCfg = Release|Any CPU
		{24E09FF2-9042-4C7F-AE3F-AC46DC0BD9FF}.Release|iPhoneSimulator.Build.0 = Release|Any CPU
		{24E09FF2-9042-4C7F-AE3F-AC46DC0BD9FF}.Debug|iPhone.ActiveCfg = Debug|Any CPU
		{24E09FF2-9042-4C7F-AE3F-AC46DC0BD9FF}.Debug|iPhone.Build.0 = Debug|Any CPU
		{104115A6-E1B4-4CF3-AF58-0E3FE07D480A}.Debug|Any CPU.ActiveCfg = Debug|iPhoneSimulator
		{104115A6-E1B4-4CF3-AF58-0E3FE07D480A}.Debug|Any CPU.Build.0 = Debug|iPhoneSimulator
		{104115A6-E1B4-4CF3-AF58-0E3FE07D480A}.Release|Any CPU.ActiveCfg = Release|iPhone
		{104115A6-E1B4-4CF3-AF58-0E3FE07D480A}.Release|Any CPU.Build.0 = Release|iPhone
		{104115A6-E1B4-4CF3-AF58-0E3FE07D480A}.Debug|iPhoneSimulator.ActiveCfg = Debug|iPhoneSimulator
		{104115A6-E1B4-4CF3-AF58-0E3FE07D480A}.Debug|iPhoneSimulator.Build.0 = Debug|iPhoneSimulator
		{104115A6-E1B4-4CF3-AF58-0E3FE07D480A}.Release|iPhone.ActiveCfg = Release|iPhone
		{104115A6-E1B4-4CF3-AF58-0E3FE07D480A}.Release|iPhone.Build.0 = Release|iPhone
		{104115A6-E1B4-4CF3-AF58-0E3FE07D480A}.Release|iPhoneSimulator.ActiveCfg = Release|iPhoneSimulator
		{104115A6-E1B4-4CF3-AF58-0E3FE07D480A}.Release|iPhoneSimulator.Build.0 = Release|iPhoneSimulator
		{104115A6-E1B4-4CF3-AF58-0E3FE07D480A}.Debug|iPhone.ActiveCfg = Debug|iPhone
		{104115A6-E1B4-4CF3-AF58-0E3FE07D480A}.Debug|iPhone.Build.0 = Debug|iPhone
		{050DE24D-36EF-46FB-8D57-F78EB308C3BA}.Debug|Any CPU.ActiveCfg = Debug|Any CPU
		{050DE24D-36EF-46FB-8D57-F78EB308C3BA}.Debug|Any CPU.Build.0 = Debug|Any CPU
		{050DE24D-36EF-46FB-8D57-F78EB308C3BA}.Release|Any CPU.ActiveCfg = Release|Any CPU
		{050DE24D-36EF-46FB-8D57-F78EB308C3BA}.Release|Any CPU.Build.0 = Release|Any CPU
		{050DE24D-36EF-46FB-8D57-F78EB308C3BA}.Debug|iPhoneSimulator.ActiveCfg = Debug|Any CPU
		{050DE24D-36EF-46FB-8D57-F78EB308C3BA}.Debug|iPhoneSimulator.Build.0 = Debug|Any CPU
		{050DE24D-36EF-46FB-8D57-F78EB308C3BA}.Release|iPhone.ActiveCfg = Release|Any CPU
		{050DE24D-36EF-46FB-8D57-F78EB308C3BA}.Release|iPhone.Build.0 = Release|Any CPU
		{050DE24D-36EF-46FB-8D57-F78EB308C3BA}.Release|iPhoneSimulator.ActiveCfg = Release|Any CPU
		{050DE24D-36EF-46FB-8D57-F78EB308C3BA}.Release|iPhoneSimulator.Build.0 = Release|Any CPU
		{050DE24D-36EF-46FB-8D57-F78EB308C3BA}.Debug|iPhone.ActiveCfg = Debug|Any CPU
		{050DE24D-36EF-46FB-8D57-F78EB308C3BA}.Debug|iPhone.Build.0 = Debug|Any CPU
	EndGlobalSection
EndGlobal
